
Microsoft Visual Studio Solution File, Format Version 12.00
# Visual Studio Version 16
VisualStudioVersion = 16.0.30104.148
MinimumVisualStudioVersion = 10.0.40219.1
Project("{2150E333-8FDC-42A3-9474-1A3956D46DE8}") = "Services", "Services", "{F85CF3A1-6DC5-4543-A407-5EA22F9C1DC8}"
EndProject
Project("{2150E333-8FDC-42A3-9474-1A3956D46DE8}") = "WebApps", "WebApps", "{02D993E9-37F8-4B2F-B775-3DEB6D4C2864}"
EndProject
Project("{2150E333-8FDC-42A3-9474-1A3956D46DE8}") = "Register", "Register", "{71AADA92-B413-41BF-99E9-5654294F0C41}"
EndProject
Project("{2150E333-8FDC-42A3-9474-1A3956D46DE8}") = "Catalog", "Catalog", "{4253E54C-F23E-498D-85E9-E7A26359A877}"
EndProject
Project("{2150E333-8FDC-42A3-9474-1A3956D46DE8}") = "Core", "Core", "{627B6D05-F9C6-4A8C-9BEA-8E591E87BD22}"
EndProject
Project("{2150E333-8FDC-42A3-9474-1A3956D46DE8}") = "Fiscal", "Fiscal", "{6C0E9E0E-1E5B-4C55-A36A-6041BAEA1225}"
EndProject
Project("{2150E333-8FDC-42A3-9474-1A3956D46DE8}") = "Payment", "Payment", "{CEB5CB86-0730-46B3-A8F9-CEE69FB8CB72}"
EndProject
Project("{2150E333-8FDC-42A3-9474-1A3956D46DE8}") = "Sale", "Sale", "{0EF5683C-6DA0-4680-B2D2-9F9D9A3AFAC4}"
EndProject
Project("{9A19103F-16F7-4668-BE54-9A1E7A4F7556}") = "SophiaStore.Catalog.Domain", "src\SophiaStore.Catalog.Domain\SophiaStore.Catalog.Domain.csproj", "{F5DA9974-BAAC-47CC-89C9-37D6D3C0C7D5}"
EndProject
Project("{2150E333-8FDC-42A3-9474-1A3956D46DE8}") = "Tests", "Tests", "{C5517280-B3CE-4709-AD30-5280D2FBC04F}"
EndProject
Project("{9A19103F-16F7-4668-BE54-9A1E7A4F7556}") = "SophiaStore.Catalog.Domain.Tests", "test\SophiaStore.Catalog.Domain.Tests\SophiaStore.Catalog.Domain.Tests.csproj", "{5DD392C1-B756-486A-8347-83ECBBBB29F0}"
EndProject
Project("{FAE04EC0-301F-11D3-BF4B-00C04F79EFBC}") = "SophiaStore.WebApp.MVC", "src\SophiaStore.WebApp.MVC\SophiaStore.WebApp.MVC.csproj", "{04309A16-563A-42E5-99FB-FC3D82B68046}"
EndProject
Project("{9A19103F-16F7-4668-BE54-9A1E7A4F7556}") = "SophiaStore.Catalog.Application", "src\SophiaStore.Catalog.Application\SophiaStore.Catalog.Application.csproj", "{45B16784-F3B8-40BC-AE7F-598698F5A80E}"
EndProject
Project("{9A19103F-16F7-4668-BE54-9A1E7A4F7556}") = "SophiaStore.Core", "src\SophiaStore.Catalog.Core\SophiaStore.Core.csproj", "{5EC8F0EF-77C9-4451-8F53-D0665DAAB1AF}"
EndProject
Project("{9A19103F-16F7-4668-BE54-9A1E7A4F7556}") = "SophiaStore.Catalog.Data", "src\SophiaStore.Catalog.Data\SophiaStore.Catalog.Data.csproj", "{D997EE8D-FBA6-4132-9644-A849821D54B9}"
EndProject
Project("{FAE04EC0-301F-11D3-BF4B-00C04F79EFBC}") = "SophiaStore.Sales.Domain", "src\SophiaStore.Sales.Domain\SophiaStore.Sales.Domain.csproj", "{46B9DD9E-E731-4AA4-BF36-DA21DCB362C1}"
EndProject
Project("{FAE04EC0-301F-11D3-BF4B-00C04F79EFBC}") = "SophiaStore.Sales.Data", "src\SophiaStore.Sales.Data\SophiaStore.Sales.Data.csproj", "{B0F541C6-CC68-4EEE-A1B4-A6DC9A8E0D94}"
EndProject
Project("{FAE04EC0-301F-11D3-BF4B-00C04F79EFBC}") = "SophiaStore.Sales.Application", "src\SophiaStore.Sales.Application\SophiaStore.Sales.Application.csproj", "{1EE563B7-D9A8-460A-ABED-55BBC62AF18B}"
EndProject
Global
	GlobalSection(SolutionConfigurationPlatforms) = preSolution
		Debug|Any CPU = Debug|Any CPU
		Release|Any CPU = Release|Any CPU
	EndGlobalSection
	GlobalSection(ProjectConfigurationPlatforms) = postSolution
		{F5DA9974-BAAC-47CC-89C9-37D6D3C0C7D5}.Debug|Any CPU.ActiveCfg = Debug|Any CPU
		{F5DA9974-BAAC-47CC-89C9-37D6D3C0C7D5}.Debug|Any CPU.Build.0 = Debug|Any CPU
		{F5DA9974-BAAC-47CC-89C9-37D6D3C0C7D5}.Release|Any CPU.ActiveCfg = Release|Any CPU
		{F5DA9974-BAAC-47CC-89C9-37D6D3C0C7D5}.Release|Any CPU.Build.0 = Release|Any CPU
		{5DD392C1-B756-486A-8347-83ECBBBB29F0}.Debug|Any CPU.ActiveCfg = Debug|Any CPU
		{5DD392C1-B756-486A-8347-83ECBBBB29F0}.Debug|Any CPU.Build.0 = Debug|Any CPU
		{5DD392C1-B756-486A-8347-83ECBBBB29F0}.Release|Any CPU.ActiveCfg = Release|Any CPU
		{5DD392C1-B756-486A-8347-83ECBBBB29F0}.Release|Any CPU.Build.0 = Release|Any CPU
		{04309A16-563A-42E5-99FB-FC3D82B68046}.Debug|Any CPU.ActiveCfg = Debug|Any CPU
		{04309A16-563A-42E5-99FB-FC3D82B68046}.Debug|Any CPU.Build.0 = Debug|Any CPU
		{04309A16-563A-42E5-99FB-FC3D82B68046}.Release|Any CPU.ActiveCfg = Release|Any CPU
		{04309A16-563A-42E5-99FB-FC3D82B68046}.Release|Any CPU.Build.0 = Release|Any CPU
		{45B16784-F3B8-40BC-AE7F-598698F5A80E}.Debug|Any CPU.ActiveCfg = Debug|Any CPU
		{45B16784-F3B8-40BC-AE7F-598698F5A80E}.Debug|Any CPU.Build.0 = Debug|Any CPU
		{45B16784-F3B8-40BC-AE7F-598698F5A80E}.Release|Any CPU.ActiveCfg = Release|Any CPU
		{45B16784-F3B8-40BC-AE7F-598698F5A80E}.Release|Any CPU.Build.0 = Release|Any CPU
		{5EC8F0EF-77C9-4451-8F53-D0665DAAB1AF}.Debug|Any CPU.ActiveCfg = Debug|Any CPU
		{5EC8F0EF-77C9-4451-8F53-D0665DAAB1AF}.Debug|Any CPU.Build.0 = Debug|Any CPU
		{5EC8F0EF-77C9-4451-8F53-D0665DAAB1AF}.Release|Any CPU.ActiveCfg = Release|Any CPU
		{5EC8F0EF-77C9-4451-8F53-D0665DAAB1AF}.Release|Any CPU.Build.0 = Release|Any CPU
		{D997EE8D-FBA6-4132-9644-A849821D54B9}.Debug|Any CPU.ActiveCfg = Debug|Any CPU
		{D997EE8D-FBA6-4132-9644-A849821D54B9}.Debug|Any CPU.Build.0 = Debug|Any CPU
		{D997EE8D-FBA6-4132-9644-A849821D54B9}.Release|Any CPU.ActiveCfg = Release|Any CPU
		{D997EE8D-FBA6-4132-9644-A849821D54B9}.Release|Any CPU.Build.0 = Release|Any CPU
		{46B9DD9E-E731-4AA4-BF36-DA21DCB362C1}.Debug|Any CPU.ActiveCfg = Debug|Any CPU
		{46B9DD9E-E731-4AA4-BF36-DA21DCB362C1}.Debug|Any CPU.Build.0 = Debug|Any CPU
		{46B9DD9E-E731-4AA4-BF36-DA21DCB362C1}.Release|Any CPU.ActiveCfg = Release|Any CPU
		{46B9DD9E-E731-4AA4-BF36-DA21DCB362C1}.Release|Any CPU.Build.0 = Release|Any CPU
		{B0F541C6-CC68-4EEE-A1B4-A6DC9A8E0D94}.Debug|Any CPU.ActiveCfg = Debug|Any CPU
		{B0F541C6-CC68-4EEE-A1B4-A6DC9A8E0D94}.Debug|Any CPU.Build.0 = Debug|Any CPU
		{B0F541C6-CC68-4EEE-A1B4-A6DC9A8E0D94}.Release|Any CPU.ActiveCfg = Release|Any CPU
		{B0F541C6-CC68-4EEE-A1B4-A6DC9A8E0D94}.Release|Any CPU.Build.0 = Release|Any CPU
		{1EE563B7-D9A8-460A-ABED-55BBC62AF18B}.Debug|Any CPU.ActiveCfg = Debug|Any CPU
		{1EE563B7-D9A8-460A-ABED-55BBC62AF18B}.Debug|Any CPU.Build.0 = Debug|Any CPU
		{1EE563B7-D9A8-460A-ABED-55BBC62AF18B}.Release|Any CPU.ActiveCfg = Release|Any CPU
		{1EE563B7-D9A8-460A-ABED-55BBC62AF18B}.Release|Any CPU.Build.0 = Release|Any CPU
	EndGlobalSection
	GlobalSection(SolutionProperties) = preSolution
		HideSolutionNode = FALSE
	EndGlobalSection
	GlobalSection(NestedProjects) = preSolution
		{71AADA92-B413-41BF-99E9-5654294F0C41} = {F85CF3A1-6DC5-4543-A407-5EA22F9C1DC8}
		{4253E54C-F23E-498D-85E9-E7A26359A877} = {F85CF3A1-6DC5-4543-A407-5EA22F9C1DC8}
		{627B6D05-F9C6-4A8C-9BEA-8E591E87BD22} = {F85CF3A1-6DC5-4543-A407-5EA22F9C1DC8}
		{6C0E9E0E-1E5B-4C55-A36A-6041BAEA1225} = {F85CF3A1-6DC5-4543-A407-5EA22F9C1DC8}
		{CEB5CB86-0730-46B3-A8F9-CEE69FB8CB72} = {F85CF3A1-6DC5-4543-A407-5EA22F9C1DC8}
		{0EF5683C-6DA0-4680-B2D2-9F9D9A3AFAC4} = {F85CF3A1-6DC5-4543-A407-5EA22F9C1DC8}
		{F5DA9974-BAAC-47CC-89C9-37D6D3C0C7D5} = {4253E54C-F23E-498D-85E9-E7A26359A877}
		{C5517280-B3CE-4709-AD30-5280D2FBC04F} = {4253E54C-F23E-498D-85E9-E7A26359A877}
		{5DD392C1-B756-486A-8347-83ECBBBB29F0} = {C5517280-B3CE-4709-AD30-5280D2FBC04F}
		{04309A16-563A-42E5-99FB-FC3D82B68046} = {02D993E9-37F8-4B2F-B775-3DEB6D4C2864}
		{45B16784-F3B8-40BC-AE7F-598698F5A80E} = {4253E54C-F23E-498D-85E9-E7A26359A877}
		{5EC8F0EF-77C9-4451-8F53-D0665DAAB1AF} = {627B6D05-F9C6-4A8C-9BEA-8E591E87BD22}
		{D997EE8D-FBA6-4132-9644-A849821D54B9} = {4253E54C-F23E-498D-85E9-E7A26359A877}
		{46B9DD9E-E731-4AA4-BF36-DA21DCB362C1} = {0EF5683C-6DA0-4680-B2D2-9F9D9A3AFAC4}
		{B0F541C6-CC68-4EEE-A1B4-A6DC9A8E0D94} = {0EF5683C-6DA0-4680-B2D2-9F9D9A3AFAC4}
		{1EE563B7-D9A8-460A-ABED-55BBC62AF18B} = {0EF5683C-6DA0-4680-B2D2-9F9D9A3AFAC4}
	EndGlobalSection
	GlobalSection(ExtensibilityGlobals) = postSolution
		SolutionGuid = {94257DAD-0E0B-4797-8040-57BA2FA4E1FF}
	EndGlobalSection
EndGlobal
